Microsoft Visual Studio Solution File, Format Version 12.00
# Visual Studio 2012
Project("{FAE04EC0-301F-11D3-BF4B-00C04F79EFBC}") = "2Dexample", "2Dexample.csproj", "{49A02742-4C5C-4522-B02C-F795E7EDD60A}"
EndProject
Global
	GlobalSection(SolutionConfigurationPlatforms) = preSolution
	Debug|Any CPU = Debug|Any CPU
	ExportDebug|Any CPU = ExportDebug|Any CPU
	ExportRelease|Any CPU = ExportRelease|Any CPU
	EndGlobalSection
	GlobalSection(ProjectConfigurationPlatforms) = postSolution
		{49A02742-4C5C-4522-B02C-F795E7EDD60A}.Debug|Any CPU.ActiveCfg = Debug|Any CPU
		{49A02742-4C5C-4522-B02C-F795E7EDD60A}.Debug|Any CPU.Build.0 = Debug|Any CPU
		{49A02742-4C5C-4522-B02C-F795E7EDD60A}.ExportDebug|Any CPU.ActiveCfg = ExportDebug|Any CPU
		{49A02742-4C5C-4522-B02C-F795E7EDD60A}.ExportDebug|Any CPU.Build.0 = ExportDebug|Any CPU
		{49A02742-4C5C-4522-B02C-F795E7EDD60A}.ExportRelease|Any CPU.ActiveCfg = ExportRelease|Any CPU
		{49A02742-4C5C-4522-B02C-F795E7EDD60A}.ExportRelease|Any CPU.Build.0 = ExportRelease|Any CPU
	EndGlobalSection
EndGlobal
